
Microsoft Visual Studio Solution File, Format Version 12.00
# Visual Studio Version 17
VisualStudioVersion = 17.1.32210.238
MinimumVisualStudioVersion = 10.0.40219.1
Project("{9A19103F-16F7-4668-BE54-9A1E7A4F7556}") = "TesteCalcularIMC", "TesteCalcularIMC\TesteCalcularIMC.csproj", "{13B5B619-CD17-4D97-87D9-C12A98AC74EC}"
EndProject
Project("{FAE04EC0-301F-11D3-BF4B-00C04F79EFBC}") = "TestXUnit", "TestXUnit\TestXUnit.csproj", "{89854B30-33B1-49F1-BD59-8D94C0E81A9E}"
EndProject
Global
	GlobalSection(SolutionConfigurationPlatforms) = preSolution
		Debug|Any CPU = Debug|Any CPU
		Release|Any CPU = Release|Any CPU
	EndGlobalSection
	GlobalSection(ProjectConfigurationPlatforms) = postSolution
		{13B5B619-CD17-4D97-87D9-C12A98AC74EC}.Debug|Any CPU.ActiveCfg = Debug|Any CPU
		{13B5B619-CD17-4D97-87D9-C12A98AC74EC}.Debug|Any CPU.Build.0 = Debug|Any CPU
		{13B5B619-CD17-4D97-87D9-C12A98AC74EC}.Release|Any CPU.ActiveCfg = Release|Any CPU
		{13B5B619-CD17-4D97-87D9-C12A98AC74EC}.Release|Any CPU.Build.0 = Release|Any CPU
		{89854B30-33B1-49F1-BD59-8D94C0E81A9E}.Debug|Any CPU.ActiveCfg = Debug|Any CPU
		{89854B30-33B1-49F1-BD59-8D94C0E81A9E}.Debug|Any CPU.Build.0 = Debug|Any CPU
		{89854B30-33B1-49F1-BD59-8D94C0E81A9E}.Release|Any CPU.ActiveCfg = Release|Any CPU
		{89854B30-33B1-49F1-BD59-8D94C0E81A9E}.Release|Any CPU.Build.0 = Release|Any CPU
	EndGlobalSection
	GlobalSection(SolutionProperties) = preSolution
		HideSolutionNode = FALSE
	EndGlobalSection
	GlobalSection(ExtensibilityGlobals) = postSolution
		SolutionGuid = {BB1878E4-292A-4FDC-AAD0-F26790FDA743}
	EndGlobalSection
EndGlobal
